
Microsoft Visual Studio Solution File, Format Version 12.00
# Visual Studio Version 17
VisualStudioVersion = 17.0.31919.166
MinimumVisualStudioVersion = 10.0.40219.1
Project("{888888A0-9F3D-457C-B088-3A5042F75D52}") = "ToddProblem", "ToddProblem\ToddProblem.pyproj", "{F27FAC66-2916-4082-A809-D66CF71E4BCA}"
EndProject
Global
	GlobalSection(SolutionConfigurationPlatforms) = preSolution
		Debug|Any CPU = Debug|Any CPU
		Release|Any CPU = Release|Any CPU
	EndGlobalSection
	GlobalSection(ProjectConfigurationPlatforms) = postSolution
		{F27FAC66-2916-4082-A809-D66CF71E4BCA}.Debug|Any CPU.ActiveCfg = Debug|Any CPU
		{F27FAC66-2916-4082-A809-D66CF71E4BCA}.Release|Any CPU.ActiveCfg = Release|Any CPU
	EndGlobalSection
	GlobalSection(SolutionProperties) = preSolution
		HideSolutionNode = FALSE
	EndGlobalSection
	GlobalSection(ExtensibilityGlobals) = postSolution
		SolutionGuid = {792CF004-0618-4866-8A20-A6647C0F1A98}
	EndGlobalSection
EndGlobal
